
Microsoft Visual Studio Solution File, Format Version 12.00
# Visual Studio 14
VisualStudioVersion = 14.0.24720.0
MinimumVisualStudioVersion = 10.0.40219.1
Project("{FAE04EC0-301F-11D3-BF4B-00C04F79EFBC}") = "SimpleMVC", "SimpleMVC\SimpleMVC.csproj", "{3DC15994-89DF-4C9F-8517-FE58DD5B9A15}"
EndProject
Project("{FAE04EC0-301F-11D3-BF4B-00C04F79EFBC}") = "SimpleMVC.Tests", "SimpleMVC.Tests\SimpleMVC.Tests.csproj", "{9359460A-61ED-4832-A7F7-28A41B4E4DFC}"
EndProject
Global
	GlobalSection(SolutionConfigurationPlatforms) = preSolution
		Debug|Any CPU = Debug|Any CPU
		Release|Any CPU = Release|Any CPU
	EndGlobalSection
	GlobalSection(ProjectConfigurationPlatforms) = postSolution
		{3DC15994-89DF-4C9F-8517-FE58DD5B9A15}.Debug|Any CPU.ActiveCfg = Debug|Any CPU
		{3DC15994-89DF-4C9F-8517-FE58DD5B9A15}.Debug|Any CPU.Build.0 = Debug|Any CPU
		{3DC15994-89DF-4C9F-8517-FE58DD5B9A15}.Release|Any CPU.ActiveCfg = Release|Any CPU
		{3DC15994-89DF-4C9F-8517-FE58DD5B9A15}.Release|Any CPU.Build.0 = Release|Any CPU
		{9359460A-61ED-4832-A7F7-28A41B4E4DFC}.Debug|Any CPU.ActiveCfg = Debug|Any CPU
		{9359460A-61ED-4832-A7F7-28A41B4E4DFC}.Debug|Any CPU.Build.0 = Debug|Any CPU
		{9359460A-61ED-4832-A7F7-28A41B4E4DFC}.Release|Any CPU.ActiveCfg = Release|Any CPU
		{9359460A-61ED-4832-A7F7-28A41B4E4DFC}.Release|Any CPU.Build.0 = Release|Any CPU
	EndGlobalSection
	GlobalSection(SolutionProperties) = preSolution
		HideSolutionNode = FALSE
	EndGlobalSection
EndGlobal
